# THIS IS AN AUTOGENERATED FILE. DO NOT EDIT THIS FILE DIRECTLY.
# yarn lockfile v1


accepts@^2.0.0:
  version "2.0.0"
  resolved "https://ab-inbev.pkgs.visualstudio.com/GHQ_B2B_Delta/_packaging/admin-portal-shared-services/npm/registry/accepts/-/accepts-2.0.0.tgz#bbcf4ba5075467f3f2131eab3cffc73c2f5d7895"
  integrity sha1-u89LpQdUZ/PyEx6rPP/HPC9deJU=
  dependencies:
    mime-types "^3.0.0"
    negotiator "^1.0.0"

bcryptjs@^3.0.3:
  version "3.0.3"
  resolved "https://ab-inbev.pkgs.visualstudio.com/GHQ_B2B_Delta/_packaging/admin-portal-shared-services/npm/registry/bcryptjs/-/bcryptjs-3.0.3.tgz#4b93d6a398c48bfc9f32ee65d301174a8a8ea56f"
  integrity sha1-S5PWo5jEi/yfMu5l0wEXSoqOpW8=

body-parser@^2.2.1:
  version "2.2.2"
  resolved "https://ab-inbev.pkgs.visualstudio.com/GHQ_B2B_Delta/_packaging/admin-portal-shared-services/npm/registry/body-parser/-/body-parser-2.2.2.tgz#1a32cdb966beaf68de50a9dfbe5b58f83cb8890c"
  integrity sha1-GjLNuWa+r2jeUKnfvltY+Dy4iQw=
  dependencies:
    bytes "^3.1.2"
    content-type "^1.0.5"
    debug "^4.4.3"
    http-errors "^2.0.0"
    iconv-lite "^0.7.0"
    on-finished "^2.4.1"
    qs "^6.14.1"
    raw-body "^3.0.1"
    type-is "^2.0.1"

buffer-equal-constant-time@^1.0.1:
  version "1.0.1"
  resolved "https://ab-inbev.pkgs.visualstudio.com/GHQ_B2B_Delta/_packaging/admin-portal-shared-services/npm/registry/buffer-equal-constant-time/-/buffer-equal-constant-time-1.0.1.tgz#f8e71132f7ffe6e01a5c9697a4c6f3e48d5cc819"
  integrity sha1-+OcRMvf/5uAaXJaXpMbz5I1cyBk=

bytes@^3.1.2, bytes@~3.1.2:
  version "3.1.2"
  resolved "https://ab-inbev.pkgs.visualstudio.com/GHQ_B2B_Delta/_packaging/admin-portal-shared-services/npm/registry/bytes/-/bytes-3.1.2.tgz#8b0beeb98605adf1b128fa4386403c009e0221a5"
  integrity sha1-iwvuuYYFrfGxKPpDhkA8AJ4CIaU=

call-bind-apply-helpers@^1.0.1, call-bind-apply-helpers@^1.0.2:
  version "1.0.2"
  resolved "https://ab-inbev.pkgs.visualstudio.com/GHQ_B2B_Delta/_packaging/admin-portal-shared-services/npm/registry/call-bind-apply-helpers/-/call-bind-apply-helpers-1.0.2.tgz#4b5428c222be985d79c3d82657479dbe0b59b2d6"
  integrity sha1-S1QowiK+mF15w9gmV0edvgtZstY=
  dependencies:
    es-errors "^1.3.0"
    function-bind "^1.1.2"

call-bound@^1.0.2:
  version "1.0.4"
  resolved "https://ab-inbev.pkgs.visualstudio.com/GHQ_B2B_Delta/_packaging/admin-portal-shared-services/npm/registry/call-bound/-/call-bound-1.0.4.tgz#238de935d2a2a692928c538c7ccfa91067fd062a"
  integrity sha1-I43pNdKippKSjFOMfM+pEGf9Bio=
  dependencies:
    call-bind-apply-helpers "^1.0.2"
    get-intrinsic "^1.3.0"

content-disposition@^1.0.0:
  version "1.1.0"
  resolved "https://ab-inbev.pkgs.visualstudio.com/GHQ_B2B_Delta/_packaging/admin-portal-shared-services/npm/registry/content-disposition/-/content-disposition-1.1.0.tgz#f3db789c752d45564cc7e9e1e0b31790d4a38e17"
  integrity sha1-89t4nHUtRVZMx+nh4LMXkNSjjhc=

content-type@^1.0.5:
  version "1.0.5"
  resolved "https://ab-inbev.pkgs.visualstudio.com/GHQ_B2B_Delta/_packaging/admin-portal-shared-services/npm/registry/content-type/-/content-type-1.0.5.tgz#8b773162656d1d1086784c8f23a54ce6d73d7918"
  integrity sha1-i3cxYmVtHRCGeEyPI6VM5tc9eRg=

content-type@^2.0.0:
  version "2.0.0"
  resolved "https://ab-inbev.pkgs.visualstudio.com/GHQ_B2B_Delta/_packaging/admin-portal-shared-services/npm/registry/content-type/-/content-type-2.0.0.tgz#2fb3ede69dffa0af78ca7c4ce7589680638b56df"
  integrity sha1-L7Pt5p3/oK94ynxM51iWgGOLVt8=

cookie-signature@^1.2.1:
  version "1.2.2"
  resolved "https://ab-inbev.pkgs.visualstudio.com/GHQ_B2B_Delta/_packaging/admin-portal-shared-services/npm/registry/cookie-signature/-/cookie-signature-1.2.2.tgz#57c7fc3cc293acab9fec54d73e15690ebe4a1793"
  integrity sha1-V8f8PMKTrKuf7FTXPhVpDr5KF5M=

cookie@^0.7.1:
  version "0.7.2"
  resolved "https://ab-inbev.pkgs.visualstudio.com/GHQ_B2B_Delta/_packaging/admin-portal-shared-services/npm/registry/cookie/-/cookie-0.7.2.tgz#556369c472a2ba910f2979891b526b3436237ed7"
  integrity sha1-VWNpxHKiupEPKXmJG1JrNDYjftc=

cors@^2.8.6:
  version "2.8.6"
  resolved "https://ab-inbev.pkgs.visualstudio.com/GHQ_B2B_Delta/_packaging/admin-portal-shared-services/npm/registry/cors/-/cors-2.8.6.tgz#ff5dd69bd95e547503820d29aba4f8faf8dfec96"
  integrity sha1-/13Wm9leVHUDgg0pq6T4+vjf7JY=
  dependencies:
    object-assign "^4"
    vary "^1"

debug@^4.4.0, debug@^4.4.3:
  version "4.4.3"
  resolved "https://ab-inbev.pkgs.visualstudio.com/GHQ_B2B_Delta/_packaging/admin-portal-shared-services/npm/registry/debug/-/debug-4.4.3.tgz#c6ae432d9bd9662582fce08709b038c58e9e3d6a"
  integrity sha1-xq5DLZvZZiWC/OCHCbA4xY6ePWo=
  dependencies:
    ms "^2.1.3"

depd@^2.0.0, depd@~2.0.0:
  version "2.0.0"
  resolved "https://ab-inbev.pkgs.visualstudio.com/GHQ_B2B_Delta/_packaging/admin-portal-shared-services/npm/registry/depd/-/depd-2.0.0.tgz#b696163cc757560d09cf22cc8fad1571b79e76df"
  integrity sha1-tpYWPMdXVg0JzyLMj60Vcbeedt8=

dotenv@^17.4.2:
  version "17.4.2"
  resolved "https://ab-inbev.pkgs.visualstudio.com/GHQ_B2B_Delta/_packaging/admin-portal-shared-services/npm/registry/dotenv/-/dotenv-17.4.2.tgz#c07e54a746e11eba021dd9e1047ced5afdc1c034"
  integrity sha1-wH5Up0bhHroCHdnhBHztWv3BwDQ=

dunder-proto@^1.0.1:
  version "1.0.1"
  resolved "https://ab-inbev.pkgs.visualstudio.com/GHQ_B2B_Delta/_packaging/admin-portal-shared-services/npm/registry/dunder-proto/-/dunder-proto-1.0.1.tgz#d7ae667e1dc83482f8b70fd0f6eefc50da30f58a"
  integrity sha1-165mfh3INIL4tw/Q9u78UNow9Yo=
  dependencies:
    call-bind-apply-helpers "^1.0.1"
    es-errors "^1.3.0"
    gopd "^1.2.0"

ecdsa-sig-formatter@1.0.11:
  version "1.0.11"
  resolved "https://ab-inbev.pkgs.visualstudio.com/GHQ_B2B_Delta/_packaging/admin-portal-shared-services/npm/registry/ecdsa-sig-formatter/-/ecdsa-sig-formatter-1.0.11.tgz#ae0f0fa2d85045ef14a817daa3ce9acd0489e5bf"
  integrity sha1-rg8PothQRe8UqBfao86azQSJ5b8=
  dependencies:
    safe-buffer "^5.0.1"

ee-first@1.1.1:
  version "1.1.1"
  resolved "https://ab-inbev.pkgs.visualstudio.com/GHQ_B2B_Delta/_packaging/admin-portal-shared-services/npm/registry/ee-first/-/ee-first-1.1.1.tgz#590c61156b0ae2f4f0255732a158b266bc56b21d"
  integrity sha1-WQxhFWsK4vTwJVcyoViyZrxWsh0=

encodeurl@^2.0.0:
  version "2.0.0"
  resolved "https://ab-inbev.pkgs.visualstudio.com/GHQ_B2B_Delta/_packaging/admin-portal-shared-services/npm/registry/encodeurl/-/encodeurl-2.0.0.tgz#7b8ea898077d7e409d3ac45474ea38eaf0857a58"
  integrity sha1-e46omAd9fkCdOsRUdOo46vCFelg=

es-define-property@^1.0.1:
  version "1.0.1"
  resolved "https://ab-inbev.pkgs.visualstudio.com/GHQ_B2B_Delta/_packaging/admin-portal-shared-services/npm/registry/es-define-property/-/es-define-property-1.0.1.tgz#983eb2f9a6724e9303f61addf011c72e09e0b0fa"
  integrity sha1-mD6y+aZyTpMD9hrd8BHHLgngsPo=

es-errors@^1.3.0:
  version "1.3.0"
  resolved "https://ab-inbev.pkgs.visualstudio.com/GHQ_B2B_Delta/_packaging/admin-portal-shared-services/npm/registry/es-errors/-/es-errors-1.3.0.tgz#05f75a25dab98e4fb1dcd5e1472c0546d5057c8f"
  integrity sha1-BfdaJdq5jk+x3NXhRywFRtUFfI8=

es-object-atoms@^1.0.0, es-object-atoms@^1.1.1:
  version "1.1.1"
  resolved "https://ab-inbev.pkgs.visualstudio.com/GHQ_B2B_Delta/_packaging/admin-portal-shared-services/npm/registry/es-object-atoms/-/es-object-atoms-1.1.1.tgz#1c4f2c4837327597ce69d2ca190a7fdd172338c1"
  integrity sha1-HE8sSDcydZfOadLKGQp/3RcjOME=
  dependencies:
    es-errors "^1.3.0"

escape-html@^1.0.3:
  version "1.0.3"
  resolved "https://ab-inbev.pkgs.visualstudio.com/GHQ_B2B_Delta/_packaging/admin-portal-shared-services/npm/registry/escape-html/-/escape-html-1.0.3.tgz#0258eae4d3d0c0974de1c169188ef0051d1d1988"
  integrity sha1-Aljq5NPQwJdN4cFpGI7wBR0dGYg=

etag@^1.8.1:
  version "1.8.1"
  resolved "https://ab-inbev.pkgs.visualstudio.com/GHQ_B2B_Delta/_packaging/admin-portal-shared-services/npm/registry/etag/-/etag-1.8.1.tgz#41ae2eeb65efa62268aebfea83ac7d79299b0887"
  integrity sha1-Qa4u62XvpiJorr/qg6x9eSmbCIc=

express@^5.2.1:
  version "5.2.1"
  resolved "https://ab-inbev.pkgs.visualstudio.com/GHQ_B2B_Delta/_packaging/admin-portal-shared-services/npm/registry/express/-/express-5.2.1.tgz#8f21d15b6d327f92b4794ecf8cb08a72f956ac04"
  integrity sha1-jyHRW20yf5K0eU7PjLCKcvlWrAQ=
  dependencies:
    accepts "^2.0.0"
    body-parser "^2.2.1"
    content-disposition "^1.0.0"
    content-type "^1.0.5"
    cookie "^0.7.1"
    cookie-signature "^1.2.1"
    debug "^4.4.0"
    depd "^2.0.0"
    encodeurl "^2.0.0"
    escape-html "^1.0.3"
    etag "^1.8.1"
    finalhandler "^2.1.0"
    fresh "^2.0.0"
    http-errors "^2.0.0"
    merge-descriptors "^2.0.0"
    mime-types "^3.0.0"
    on-finished "^2.4.1"
    once "^1.4.0"
    parseurl "^1.3.3"
    proxy-addr "^2.0.7"
    qs "^6.14.0"
    range-parser "^1.2.1"
    router "^2.2.0"
    send "^1.1.0"
    serve-static "^2.2.0"
    statuses "^2.0.1"
    type-is "^2.0.1"
    vary "^1.1.2"

finalhandler@^2.1.0:
  version "2.1.1"
  resolved "https://ab-inbev.pkgs.visualstudio.com/GHQ_B2B_Delta/_packaging/admin-portal-shared-services/npm/registry/finalhandler/-/finalhandler-2.1.1.tgz#a2c517a6559852bcdb06d1f8bd7f51b68fad8099"
  integrity sha1-osUXplWYUrzbBtH4vX9Rto+tgJk=
  dependencies:
    debug "^4.4.0"
    encodeurl "^2.0.0"
    escape-html "^1.0.3"
    on-finished "^2.4.1"
    parseurl "^1.3.3"
    statuses "^2.0.1"

forwarded@0.2.0:
  version "0.2.0"
  resolved "https://ab-inbev.pkgs.visualstudio.com/GHQ_B2B_Delta/_packaging/admin-portal-shared-services/npm/registry/forwarded/-/forwarded-0.2.0.tgz#2269936428aad4c15c7ebe9779a84bf0b2a81811"
  integrity sha1-ImmTZCiq1MFcfr6XeahL8LKoGBE=

fresh@^2.0.0:
  version "2.0.0"
  resolved "https://ab-inbev.pkgs.visualstudio.com/GHQ_B2B_Delta/_packaging/admin-portal-shared-services/npm/registry/fresh/-/fresh-2.0.0.tgz#8dd7df6a1b3a1b3a5cf186c05a5dd267622635a4"
  integrity sha1-jdffahs6Gzpc8YbAWl3SZ2ImNaQ=

function-bind@^1.1.2:
  version "1.1.2"
  resolved "https://ab-inbev.pkgs.visualstudio.com/GHQ_B2B_Delta/_packaging/admin-portal-shared-services/npm/registry/function-bind/-/function-bind-1.1.2.tgz#2c02d864d97f3ea6c8830c464cbd11ab6eab7a1c"
  integrity sha1-LALYZNl/PqbIgwxGTL0Rq26rehw=

get-intrinsic@^1.2.5, get-intrinsic@^1.3.0:
  version "1.3.0"
  resolved "https://ab-inbev.pkgs.visualstudio.com/GHQ_B2B_Delta/_packaging/admin-portal-shared-services/npm/registry/get-intrinsic/-/get-intrinsic-1.3.0.tgz#743f0e3b6964a93a5491ed1bffaae054d7f98d01"
  integrity sha1-dD8OO2lkqTpUke0b/6rgVNf5jQE=
  dependencies:
    call-bind-apply-helpers "^1.0.2"
    es-define-property "^1.0.1"
    es-errors "^1.3.0"
    es-object-atoms "^1.1.1"
    function-bind "^1.1.2"
    get-proto "^1.0.1"
    gopd "^1.2.0"
    has-symbols "^1.1.0"
    hasown "^2.0.2"
    math-intrinsics "^1.1.0"

get-proto@^1.0.1:
  version "1.0.1"
  resolved "https://ab-inbev.pkgs.visualstudio.com/GHQ_B2B_Delta/_packaging/admin-portal-shared-services/npm/registry/get-proto/-/get-proto-1.0.1.tgz#150b3f2743869ef3e851ec0c49d15b1d14d00ee1"
  integrity sha1-FQs/J0OGnvPoUewMSdFbHRTQDuE=
  dependencies:
    dunder-proto "^1.0.1"
    es-object-atoms "^1.0.0"

gopd@^1.2.0:
  version "1.2.0"
  resolved "https://ab-inbev.pkgs.visualstudio.com/GHQ_B2B_Delta/_packaging/admin-portal-shared-services/npm/registry/gopd/-/gopd-1.2.0.tgz#89f56b8217bdbc8802bd299df6d7f1081d7e51a1"
  integrity sha1-ifVrghe9vIgCvSmd9tfxCB1+UaE=

has-symbols@^1.1.0:
  version "1.1.0"
  resolved "https://ab-inbev.pkgs.visualstudio.com/GHQ_B2B_Delta/_packaging/admin-portal-shared-services/npm/registry/has-symbols/-/has-symbols-1.1.0.tgz#fc9c6a783a084951d0b971fe1018de813707a338"
  integrity sha1-/JxqeDoISVHQuXH+EBjegTcHozg=

hasown@^2.0.2:
  version "2.0.3"
  resolved "https://ab-inbev.pkgs.visualstudio.com/GHQ_B2B_Delta/_packaging/admin-portal-shared-services/npm/registry/hasown/-/hasown-2.0.3.tgz#5e5c2b15b60370a4c7930c383dfb76bf17bc403c"
  integrity sha1-XlwrFbYDcKTHkww4Pft2vxe8QDw=
  dependencies:
    function-bind "^1.1.2"

http-errors@^2.0.0, http-errors@^2.0.1, http-errors@~2.0.1:
  version "2.0.1"
  resolved "https://ab-inbev.pkgs.visualstudio.com/GHQ_B2B_Delta/_packaging/admin-portal-shared-services/npm/registry/http-errors/-/http-errors-2.0.1.tgz#36d2f65bc909c8790018dd36fb4d93da6caae06b"
  integrity sha1-NtL2W8kJyHkAGN02+02T2myq4Gs=
  dependencies:
    depd "~2.0.0"
    inherits "~2.0.4"
    setprototypeof "~1.2.0"
    statuses "~2.0.2"
    toidentifier "~1.0.1"

iconv-lite@^0.7.0, iconv-lite@~0.7.0:
  version "0.7.2"
  resolved "https://ab-inbev.pkgs.visualstudio.com/GHQ_B2B_Delta/_packaging/admin-portal-shared-services/npm/registry/iconv-lite/-/iconv-lite-0.7.2.tgz#d0bdeac3f12b4835b7359c2ad89c422a4d1cc72e"
  integrity sha1-0L3qw/ErSDW3NZwq2JxCKk0cxy4=
  dependencies:
    safer-buffer ">= 2.1.2 < 3.0.0"

inherits@~2.0.4:
  version "2.0.4"
  resolved "https://ab-inbev.pkgs.visualstudio.com/GHQ_B2B_Delta/_packaging/admin-portal-shared-services/npm/registry/inherits/-/inherits-2.0.4.tgz#0fa2c64f932917c3433a0ded55363aae37416b7c"
  integrity sha1-D6LGT5MpF8NDOg3tVTY6rjdBa3w=

ipaddr.js@1.9.1:
  version "1.9.1"
  resolved "https://ab-inbev.pkgs.visualstudio.com/GHQ_B2B_Delta/_packaging/admin-portal-shared-services/npm/registry/ipaddr.js/-/ipaddr.js-1.9.1.tgz#bff38543eeb8984825079ff3a2a8e6cbd46781b3"
  integrity sha1-v/OFQ+64mEglB5/zoqjmy9RngbM=

is-promise@^4.0.0:
  version "4.0.0"
  resolved "https://ab-inbev.pkgs.visualstudio.com/GHQ_B2B_Delta/_packaging/admin-portal-shared-services/npm/registry/is-promise/-/is-promise-4.0.0.tgz#42ff9f84206c1991d26debf520dd5c01042dd2f3"
  integrity sha1-Qv+fhCBsGZHSbev1IN1cAQQt0vM=

jsonwebtoken@^9.0.3:
  version "9.0.3"
  resolved "https://ab-inbev.pkgs.visualstudio.com/GHQ_B2B_Delta/_packaging/admin-portal-shared-services/npm/registry/jsonwebtoken/-/jsonwebtoken-9.0.3.tgz#6cd57ab01e9b0ac07cb847d53d3c9b6ee31f7ae2"
  integrity sha1-bNV6sB6bCsB8uEfVPTybbuMfeuI=
  dependencies:
    jws "^4.0.1"
    lodash.includes "^4.3.0"
    lodash.isboolean "^3.0.3"
    lodash.isinteger "^4.0.4"
    lodash.isnumber "^3.0.3"
    lodash.isplainobject "^4.0.6"
    lodash.isstring "^4.0.1"
    lodash.once "^4.0.0"
    ms "^2.1.1"
    semver "^7.5.4"

jwa@^2.0.1:
  version "2.0.1"
  resolved "https://ab-inbev.pkgs.visualstudio.com/GHQ_B2B_Delta/_packaging/admin-portal-shared-services/npm/registry/jwa/-/jwa-2.0.1.tgz#bf8176d1ad0cd72e0f3f58338595a13e110bc804"
  integrity sha1-v4F20a0M1y4PP1gzhZWhPhELyAQ=
  dependencies:
    buffer-equal-constant-time "^1.0.1"
    ecdsa-sig-formatter "1.0.11"
    safe-buffer "^5.0.1"

jws@^4.0.1:
  version "4.0.1"
  resolved "https://ab-inbev.pkgs.visualstudio.com/GHQ_B2B_Delta/_packaging/admin-portal-shared-services/npm/registry/jws/-/jws-4.0.1.tgz#07edc1be8fac20e677b283ece261498bd38f0690"
  integrity sha1-B+3Bvo+sIOZ3soPs4mFJi9OPBpA=
  dependencies:
    jwa "^2.0.1"
    safe-buffer "^5.0.1"

lodash.includes@^4.3.0:
  version "4.3.0"
  resolved "https://ab-inbev.pkgs.visualstudio.com/GHQ_B2B_Delta/_packaging/admin-portal-shared-services/npm/registry/lodash.includes/-/lodash.includes-4.3.0.tgz#60bb98a87cb923c68ca1e51325483314849f553f"
  integrity sha1-YLuYqHy5I8aMoeUTJUgzFISfVT8=

lodash.isboolean@^3.0.3:
  version "3.0.3"
  resolved "https://ab-inbev.pkgs.visualstudio.com/GHQ_B2B_Delta/_packaging/admin-portal-shared-services/npm/registry/lodash.isboolean/-/lodash.isboolean-3.0.3.tgz#6c2e171db2a257cd96802fd43b01b20d5f5870f6"
  integrity sha1-bC4XHbKiV82WgC/UOwGyDV9YcPY=

lodash.isinteger@^4.0.4:
  version "4.0.4"
  resolved "https://ab-inbev.pkgs.visualstudio.com/GHQ_B2B_Delta/_packaging/admin-portal-shared-services/npm/registry/lodash.isinteger/-/lodash.isinteger-4.0.4.tgz#619c0af3d03f8b04c31f5882840b77b11cd68343"
  integrity sha1-YZwK89A/iwTDH1iChAt3sRzWg0M=

lodash.isnumber@^3.0.3:
  version "3.0.3"
  resolved "https://ab-inbev.pkgs.visualstudio.com/GHQ_B2B_Delta/_packaging/admin-portal-shared-services/npm/registry/lodash.isnumber/-/lodash.isnumber-3.0.3.tgz#3ce76810c5928d03352301ac287317f11c0b1ffc"
  integrity sha1-POdoEMWSjQM1IwGsKHMX8RwLH/w=

lodash.isplainobject@^4.0.6:
  version "4.0.6"
  resolved "https://ab-inbev.pkgs.visualstudio.com/GHQ_B2B_Delta/_packaging/admin-portal-shared-services/npm/registry/lodash.isplainobject/-/lodash.isplainobject-4.0.6.tgz#7c526a52d89b45c45cc690b88163be0497f550cb"
  integrity sha1-fFJqUtibRcRcxpC4gWO+BJf1UMs=

lodash.isstring@^4.0.1:
  version "4.0.1"
  resolved "https://ab-inbev.pkgs.visualstudio.com/GHQ_B2B_Delta/_packaging/admin-portal-shared-services/npm/registry/lodash.isstring/-/lodash.isstring-4.0.1.tgz#d527dfb5456eca7cc9bb95d5daeaf88ba54a5451"
  integrity sha1-1SfftUVuynzJu5XV2ur4i6VKVFE=

lodash.once@^4.0.0:
  version "4.1.1"
  resolved "https://ab-inbev.pkgs.visualstudio.com/GHQ_B2B_Delta/_packaging/admin-portal-shared-services/npm/registry/lodash.once/-/lodash.once-4.1.1.tgz#0dd3971213c7c56df880977d504c88fb471a97ac"
  integrity sha1-DdOXEhPHxW34gJd9UEyI+0cal6w=

math-intrinsics@^1.1.0:
  version "1.1.0"
  resolved "https://ab-inbev.pkgs.visualstudio.com/GHQ_B2B_Delta/_packaging/admin-portal-shared-services/npm/registry/math-intrinsics/-/math-intrinsics-1.1.0.tgz#a0dd74be81e2aa5c2f27e65ce283605ee4e2b7f9"
  integrity sha1-oN10voHiqlwvJ+Zc4oNgXuTit/k=

media-typer@^1.1.0:
  version "1.1.0"
  resolved "https://ab-inbev.pkgs.visualstudio.com/GHQ_B2B_Delta/_packaging/admin-portal-shared-services/npm/registry/media-typer/-/media-typer-1.1.0.tgz#6ab74b8f2d3320f2064b2a87a38e7931ff3a5561"
  integrity sha1-ardLjy0zIPIGSyqHo455Mf86VWE=

merge-descriptors@^2.0.0:
  version "2.0.0"
  resolved "https://ab-inbev.pkgs.visualstudio.com/GHQ_B2B_Delta/_packaging/admin-portal-shared-services/npm/registry/merge-descriptors/-/merge-descriptors-2.0.0.tgz#ea922f660635a2249ee565e0449f951e6b603808"
  integrity sha1-6pIvZgY1oiSe5WXgRJ+VHmtgOAg=

mime-db@^1.54.0:
  version "1.54.0"
  resolved "https://ab-inbev.pkgs.visualstudio.com/GHQ_B2B_Delta/_packaging/admin-portal-shared-services/npm/registry/mime-db/-/mime-db-1.54.0.tgz#cddb3ee4f9c64530dff640236661d42cb6a314f5"
  integrity sha1-zds+5PnGRTDf9kAjZmHULLajFPU=

mime-types@^3.0.0, mime-types@^3.0.2:
  version "3.0.2"
  resolved "https://ab-inbev.pkgs.visualstudio.com/GHQ_B2B_Delta/_packaging/admin-portal-shared-services/npm/registry/mime-types/-/mime-types-3.0.2.tgz#39002d4182575d5af036ffa118100f2524b2e2ab"
  integrity sha1-OQAtQYJXXVrwNv+hGBAPJSSy4qs=
  dependencies:
    mime-db "^1.54.0"

ms@^2.1.1, ms@^2.1.3:
  version "2.1.3"
  resolved "https://ab-inbev.pkgs.visualstudio.com/GHQ_B2B_Delta/_packaging/admin-portal-shared-services/npm/registry/ms/-/ms-2.1.3.tgz#574c8138ce1d2b5861f0b44579dbadd60c6615b2"
  integrity sha1-V0yBOM4dK1hh8LRFedut1gxmFbI=

negotiator@^1.0.0:
  version "1.0.0"
  resolved "https://ab-inbev.pkgs.visualstudio.com/GHQ_B2B_Delta/_packaging/admin-portal-shared-services/npm/registry/negotiator/-/negotiator-1.0.0.tgz#b6c91bb47172d69f93cfd7c357bbb529019b5f6a"
  integrity sha1-tskbtHFy1p+Tz9fDV7u1KQGbX2o=

object-assign@^4:
  version "4.1.1"
  resolved "https://ab-inbev.pkgs.visualstudio.com/GHQ_B2B_Delta/_packaging/admin-portal-shared-services/npm/registry/object-assign/-/object-assign-4.1.1.tgz#2109adc7965887cfc05cbbd442cac8bfbb360863"
  integrity sha1-IQmtx5ZYh8/AXLvUQsrIv7s2CGM=

object-inspect@^1.13.3, object-inspect@^1.13.4:
  version "1.13.4"
  resolved "https://ab-inbev.pkgs.visualstudio.com/GHQ_B2B_Delta/_packaging/admin-portal-shared-services/npm/registry/object-inspect/-/object-inspect-1.13.4.tgz#8375265e21bc20d0fa582c22e1b13485d6e00213"
  integrity sha1-g3UmXiG8IND6WCwi4bE0hdbgAhM=

on-finished@^2.4.1:
  version "2.4.1"
  resolved "https://ab-inbev.pkgs.visualstudio.com/GHQ_B2B_Delta/_packaging/admin-portal-shared-services/npm/registry/on-finished/-/on-finished-2.4.1.tgz#58c8c44116e54845ad57f14ab10b03533184ac3f"
  integrity sha1-WMjEQRblSEWtV/FKsQsDUzGErD8=
  dependencies:
    ee-first "1.1.1"

once@^1.4.0:
  version "1.4.0"
  resolved "https://ab-inbev.pkgs.visualstudio.com/GHQ_B2B_Delta/_packaging/admin-portal-shared-services/npm/registry/once/-/once-1.4.0.tgz#583b1aa775961d4b113ac17d9c50baef9dd76bd1"
  integrity sha1-WDsap3WWHUsROsF9nFC6753Xa9E=
  dependencies:
    wrappy "1"

parseurl@^1.3.3:
  version "1.3.3"
  resolved "https://ab-inbev.pkgs.visualstudio.com/GHQ_B2B_Delta/_packaging/admin-portal-shared-services/npm/registry/parseurl/-/parseurl-1.3.3.tgz#9da19e7bee8d12dff0513ed5b76957793bc2e8d4"
  integrity sha1-naGee+6NEt/wUT7Vt2lXeTvC6NQ=

path-to-regexp@^8.0.0:
  version "8.4.2"
  resolved "https://ab-inbev.pkgs.visualstudio.com/GHQ_B2B_Delta/_packaging/admin-portal-shared-services/npm/registry/path-to-regexp/-/path-to-regexp-8.4.2.tgz#795c420c4f7ca45c5b887366f622ee0c9852cccd"
  integrity sha1-eVxCDE98pFxbiHNm9iLuDJhSzM0=

pg-cloudflare@^1.3.0:
  version "1.3.0"
  resolved "https://ab-inbev.pkgs.visualstudio.com/GHQ_B2B_Delta/_packaging/admin-portal-shared-services/npm/registry/pg-cloudflare/-/pg-cloudflare-1.3.0.tgz#386035d4bfcf1a7045b026f8b21acf5353f14d65"
  integrity sha1-OGA11L/PGnBFsCb4shrPU1PxTWU=

pg-connection-string@^2.12.0:
  version "2.12.0"
  resolved "https://ab-inbev.pkgs.visualstudio.com/GHQ_B2B_Delta/_packaging/admin-portal-shared-services/npm/registry/pg-connection-string/-/pg-connection-string-2.12.0.tgz#4084f917902bb2daae3dc1376fe24ac7b4eaccf2"
  integrity sha1-QIT5F5ArstquPcE3b+JKx7TqzPI=

pg-int8@1.0.1:
  version "1.0.1"
  resolved "https://ab-inbev.pkgs.visualstudio.com/GHQ_B2B_Delta/_packaging/admin-portal-shared-services/npm/registry/pg-int8/-/pg-int8-1.0.1.tgz#943bd463bf5b71b4170115f80f8efc9a0c0eb78c"
  integrity sha1-lDvUY79bcbQXARX4D478mgwOt4w=

pg-pool@^3.13.0:
  version "3.13.0"
  resolved "https://ab-inbev.pkgs.visualstudio.com/GHQ_B2B_Delta/_packaging/admin-portal-shared-services/npm/registry/pg-pool/-/pg-pool-3.13.0.tgz#416482e9700e8f80c685a6ae5681697a413c13a3"
  integrity sha1-QWSC6XAOj4DGhaauVoFpekE8E6M=

pg-protocol@^1.13.0:
  version "1.13.0"
  resolved "https://ab-inbev.pkgs.visualstudio.com/GHQ_B2B_Delta/_packaging/admin-portal-shared-services/npm/registry/pg-protocol/-/pg-protocol-1.13.0.tgz#fdaf6d020bca590d58bb991b4b16fc448efe0511"
  integrity sha1-/a9tAgvKWQ1Yu5kbSxb8RI7+BRE=

pg-types@2.2.0:
  version "2.2.0"
  resolved "https://ab-inbev.pkgs.visualstudio.com/GHQ_B2B_Delta/_packaging/admin-portal-shared-services/npm/registry/pg-types/-/pg-types-2.2.0.tgz#2d0250d636454f7cfa3b6ae0382fdfa8063254a3"
  integrity sha1-LQJQ1jZFT3z6O2rgOC/fqAYyVKM=
  dependencies:
    pg-int8 "1.0.1"
    postgres-array "~2.0.0"
    postgres-bytea "~1.0.0"
    postgres-date "~1.0.4"
    postgres-interval "^1.1.0"

pg@^8.20.0:
  version "8.20.0"
  resolved "https://ab-inbev.pkgs.visualstudio.com/GHQ_B2B_Delta/_packaging/admin-portal-shared-services/npm/registry/pg/-/pg-8.20.0.tgz#1a274de944cb329fd6dd77a6d371a005ba6b136d"
  integrity sha1-GidN6UTLMp/W3Xem03GgBbprE20=
  dependencies:
    pg-connection-string "^2.12.0"
    pg-pool "^3.13.0"
    pg-protocol "^1.13.0"
    pg-types "2.2.0"
    pgpass "1.0.5"
  optionalDependencies:
    pg-cloudflare "^1.3.0"

pgpass@1.0.5:
  version "1.0.5"
  resolved "https://ab-inbev.pkgs.visualstudio.com/GHQ_B2B_Delta/_packaging/admin-portal-shared-services/npm/registry/pgpass/-/pgpass-1.0.5.tgz#9b873e4a564bb10fa7a7dbd55312728d422a223d"
  integrity sha1-m4c+SlZLsQ+np9vVUxJyjUIqIj0=
  dependencies:
    split2 "^4.1.0"

postgres-array@~2.0.0:
  version "2.0.0"
  resolved "https://ab-inbev.pkgs.visualstudio.com/GHQ_B2B_Delta/_packaging/admin-portal-shared-services/npm/registry/postgres-array/-/postgres-array-2.0.0.tgz#48f8fce054fbc69671999329b8834b772652d82e"
  integrity sha1-SPj84FT7xpZxmZMpuINLdyZS2C4=

postgres-bytea@~1.0.0:
  version "1.0.1"
  resolved "https://ab-inbev.pkgs.visualstudio.com/GHQ_B2B_Delta/_packaging/admin-portal-shared-services/npm/registry/postgres-bytea/-/postgres-bytea-1.0.1.tgz#c40b3da0222c500ff1e51c5d7014b60b79697c7a"
  integrity sha1-xAs9oCIsUA/x5RxdcBS2C3lpfHo=

postgres-date@~1.0.4:
  version "1.0.7"
  resolved "https://ab-inbev.pkgs.visualstudio.com/GHQ_B2B_Delta/_packaging/admin-portal-shared-services/npm/registry/postgres-date/-/postgres-date-1.0.7.tgz#51bc086006005e5061c591cee727f2531bf641a8"
  integrity sha1-UbwIYAYAXlBhxZHO5yfyUxv2Qag=

postgres-interval@^1.1.0:
  version "1.2.0"
  resolved "https://ab-inbev.pkgs.visualstudio.com/GHQ_B2B_Delta/_packaging/admin-portal-shared-services/npm/registry/postgres-interval/-/postgres-interval-1.2.0.tgz#b460c82cb1587507788819a06aa0fffdb3544695"
  integrity sha1-tGDILLFYdQd4iBmgaqD//bNURpU=
  dependencies:
    xtend "^4.0.0"

proxy-addr@^2.0.7:
  version "2.0.7"
  resolved "https://ab-inbev.pkgs.visualstudio.com/GHQ_B2B_Delta/_packaging/admin-portal-shared-services/npm/registry/proxy-addr/-/proxy-addr-2.0.7.tgz#f19fe69ceab311eeb94b42e70e8c2070f9ba1025"
  integrity sha1-8Z/mnOqzEe65S0LnDowgcPm6ECU=
  dependencies:
    forwarded "0.2.0"
    ipaddr.js "1.9.1"

qs@^6.14.0, qs@^6.14.1:
  version "6.15.1"
  resolved "https://ab-inbev.pkgs.visualstudio.com/GHQ_B2B_Delta/_packaging/admin-portal-shared-services/npm/registry/qs/-/qs-6.15.1.tgz#bdb55aed06bfac257a90c44a446a73fba5575c8f"
  integrity sha1-vbVa7Qa/rCV6kMRKRGpz+6VXXI8=
  dependencies:
    side-channel "^1.1.0"

range-parser@^1.2.1:
  version "1.2.1"
  resolved "https://ab-inbev.pkgs.visualstudio.com/GHQ_B2B_Delta/_packaging/admin-portal-shared-services/npm/registry/range-parser/-/range-parser-1.2.1.tgz#3cf37023d199e1c24d1a55b84800c2f3e6468031"
  integrity sha1-PPNwI9GZ4cJNGlW4SADC8+ZGgDE=

raw-body@^3.0.1:
  version "3.0.2"
  resolved "https://ab-inbev.pkgs.visualstudio.com/GHQ_B2B_Delta/_packaging/admin-portal-shared-services/npm/registry/raw-body/-/raw-body-3.0.2.tgz#3e3ada5ae5568f9095d84376fd3a49b8fb000a51"
  integrity sha1-PjraWuVWj5CV2EN2/TpJuPsAClE=
  dependencies:
    bytes "~3.1.2"
    http-errors "~2.0.1"
    iconv-lite "~0.7.0"
    unpipe "~1.0.0"

router@^2.2.0:
  version "2.2.0"
  resolved "https://ab-inbev.pkgs.visualstudio.com/GHQ_B2B_Delta/_packaging/admin-portal-shared-services/npm/registry/router/-/router-2.2.0.tgz#019be620b711c87641167cc79b99090f00b146ef"
  integrity sha1-AZvmILcRyHZBFnzHm5kJDwCxRu8=
  dependencies:
    debug "^4.4.0"
    depd "^2.0.0"
    is-promise "^4.0.0"
    parseurl "^1.3.3"
    path-to-regexp "^8.0.0"

safe-buffer@^5.0.1:
  version "5.2.1"
  resolved "https://ab-inbev.pkgs.visualstudio.com/GHQ_B2B_Delta/_packaging/admin-portal-shared-services/npm/registry/safe-buffer/-/safe-buffer-5.2.1.tgz#1eaf9fa9bdb1fdd4ec75f58f9cdb4e6b7827eec6"
  integrity sha1-Hq+fqb2x/dTsdfWPnNtOa3gn7sY=

"safer-buffer@>= 2.1.2 < 3.0.0":
  version "2.1.2"
  resolved "https://ab-inbev.pkgs.visualstudio.com/GHQ_B2B_Delta/_packaging/admin-portal-shared-services/npm/registry/safer-buffer/-/safer-buffer-2.1.2.tgz#44fa161b0187b9549dd84bb91802f9bd8385cd6a"
  integrity sha1-RPoWGwGHuVSd2Eu5GAL5vYOFzWo=

semver@^7.5.4:
  version "7.8.0"
  resolved "https://ab-inbev.pkgs.visualstudio.com/GHQ_B2B_Delta/_packaging/admin-portal-shared-services/npm/registry/semver/-/semver-7.8.0.tgz#ed0661039fcbcda2ce71f01fa6adbefaa77040df"
  integrity sha1-7QZhA5/LzaLOcfAfpq2++qdwQN8=

send@^1.1.0, send@^1.2.0:
  version "1.2.1"
  resolved "https://ab-inbev.pkgs.visualstudio.com/GHQ_B2B_Delta/_packaging/admin-portal-shared-services/npm/registry/send/-/send-1.2.1.tgz#9eab743b874f3550f40a26867bf286ad60d3f3ed"
  integrity sha1-nqt0O4dPNVD0CiaGe/KGrWDT8+0=
  dependencies:
    debug "^4.4.3"
    encodeurl "^2.0.0"
    escape-html "^1.0.3"
    etag "^1.8.1"
    fresh "^2.0.0"
    http-errors "^2.0.1"
    mime-types "^3.0.2"
    ms "^2.1.3"
    on-finished "^2.4.1"
    range-parser "^1.2.1"
    statuses "^2.0.2"

serve-static@^2.2.0:
  version "2.2.1"
  resolved "https://ab-inbev.pkgs.visualstudio.com/GHQ_B2B_Delta/_packaging/admin-portal-shared-services/npm/registry/serve-static/-/serve-static-2.2.1.tgz#7f186a4a4e5f5b663ad7a4294ff1bf37cf0e98a9"
  integrity sha1-fxhqSk5fW2Y616QpT/G/N88OmKk=
  dependencies:
    encodeurl "^2.0.0"
    escape-html "^1.0.3"
    parseurl "^1.3.3"
    send "^1.2.0"

setprototypeof@~1.2.0:
  version "1.2.0"
  resolved "https://ab-inbev.pkgs.visualstudio.com/GHQ_B2B_Delta/_packaging/admin-portal-shared-services/npm/registry/setprototypeof/-/setprototypeof-1.2.0.tgz#66c9a24a73f9fc28cbe66b09fed3d33dcaf1b424"
  integrity sha1-ZsmiSnP5/CjL5msJ/tPTPcrxtCQ=

side-channel-list@^1.0.0:
  version "1.0.1"
  resolved "https://ab-inbev.pkgs.visualstudio.com/GHQ_B2B_Delta/_packaging/admin-portal-shared-services/npm/registry/side-channel-list/-/side-channel-list-1.0.1.tgz#c2e0b5a14a540aebee3bbc6c3f8666cc9b509127"
  integrity sha1-wuC1oUpUCuvuO7xsP4ZmzJtQkSc=
  dependencies:
    es-errors "^1.3.0"
    object-inspect "^1.13.4"

side-channel-map@^1.0.1:
  version "1.0.1"
  resolved "https://ab-inbev.pkgs.visualstudio.com/GHQ_B2B_Delta/_packaging/admin-portal-shared-services/npm/registry/side-channel-map/-/side-channel-map-1.0.1.tgz#d6bb6b37902c6fef5174e5f533fab4c732a26f42"
  integrity sha1-1rtrN5Asb+9RdOX1M/q0xzKib0I=
  dependencies:
    call-bound "^1.0.2"
    es-errors "^1.3.0"
    get-intrinsic "^1.2.5"
    object-inspect "^1.13.3"

side-channel-weakmap@^1.0.2:
  version "1.0.2"
  resolved "https://ab-inbev.pkgs.visualstudio.com/GHQ_B2B_Delta/_packaging/admin-portal-shared-services/npm/registry/side-channel-weakmap/-/side-channel-weakmap-1.0.2.tgz#11dda19d5368e40ce9ec2bdc1fb0ecbc0790ecea"
  integrity sha1-Ed2hnVNo5Azp7CvcH7DsvAeQ7Oo=
  dependencies:
    call-bound "^1.0.2"
    es-errors "^1.3.0"
    get-intrinsic "^1.2.5"
    object-inspect "^1.13.3"
    side-channel-map "^1.0.1"

side-channel@^1.1.0:
  version "1.1.0"
  resolved "https://ab-inbev.pkgs.visualstudio.com/GHQ_B2B_Delta/_packaging/admin-portal-shared-services/npm/registry/side-channel/-/side-channel-1.1.0.tgz#c3fcff9c4da932784873335ec9765fa94ff66bc9"
  integrity sha1-w/z/nE2pMnhIczNeyXZfqU/2a8k=
  dependencies:
    es-errors "^1.3.0"
    object-inspect "^1.13.3"
    side-channel-list "^1.0.0"
    side-channel-map "^1.0.1"
    side-channel-weakmap "^1.0.2"

split2@^4.1.0:
  version "4.2.0"
  resolved "https://ab-inbev.pkgs.visualstudio.com/GHQ_B2B_Delta/_packaging/admin-portal-shared-services/npm/registry/split2/-/split2-4.2.0.tgz#c9c5920904d148bab0b9f67145f245a86aadbfa4"
  integrity sha1-ycWSCQTRSLqwufZxRfJFqGqtv6Q=

statuses@^2.0.1, statuses@^2.0.2, statuses@~2.0.2:
  version "2.0.2"
  resolved "https://ab-inbev.pkgs.visualstudio.com/GHQ_B2B_Delta/_packaging/admin-portal-shared-services/npm/registry/statuses/-/statuses-2.0.2.tgz#8f75eecef765b5e1cfcdc080da59409ed424e382"
  integrity sha1-j3XuzvdlteHPzcCA2llAntQk44I=

toidentifier@~1.0.1:
  version "1.0.1"
  resolved "https://ab-inbev.pkgs.visualstudio.com/GHQ_B2B_Delta/_packaging/admin-portal-shared-services/npm/registry/toidentifier/-/toidentifier-1.0.1.tgz#3be34321a88a820ed1bd80dfaa33e479fbb8dd35"
  integrity sha1-O+NDIaiKgg7RvYDfqjPkefu43TU=

type-is@^2.0.1:
  version "2.1.0"
  resolved "https://ab-inbev.pkgs.visualstudio.com/GHQ_B2B_Delta/_packaging/admin-portal-shared-services/npm/registry/type-is/-/type-is-2.1.0.tgz#71d1a7053293582e16ac9f3ebaf1ab9aa49e5570"
  integrity sha1-cdGnBTKTWC4WrJ8+uvGrmqSeVXA=
  dependencies:
    content-type "^2.0.0"
    media-typer "^1.1.0"
    mime-types "^3.0.0"

unpipe@~1.0.0:
  version "1.0.0"
  resolved "https://ab-inbev.pkgs.visualstudio.com/GHQ_B2B_Delta/_packaging/admin-portal-shared-services/npm/registry/unpipe/-/unpipe-1.0.0.tgz#b2bf4ee8514aae6165b4817829d21b2ef49904ec"
  integrity sha1-sr9O6FFKrmFltIF4KdIbLvSZBOw=

vary@^1, vary@^1.1.2:
  version "1.1.2"
  resolved "https://ab-inbev.pkgs.visualstudio.com/GHQ_B2B_Delta/_packaging/admin-portal-shared-services/npm/registry/vary/-/vary-1.1.2.tgz#2299f02c6ded30d4a5961b0b9f74524a18f634fc"
  integrity sha1-IpnwLG3tMNSllhsLn3RSShj2NPw=

wrappy@1:
  version "1.0.2"
  resolved "https://ab-inbev.pkgs.visualstudio.com/GHQ_B2B_Delta/_packaging/admin-portal-shared-services/npm/registry/wrappy/-/wrappy-1.0.2.tgz#b5243d8f3ec1aa35f1364605bc0d1036e30ab69f"
  integrity sha1-tSQ9jz7BqjXxNkYFvA0QNuMKtp8=

xtend@^4.0.0:
  version "4.0.2"
  resolved "https://ab-inbev.pkgs.visualstudio.com/GHQ_B2B_Delta/_packaging/admin-portal-shared-services/npm/registry/xtend/-/xtend-4.0.2.tgz#bb72779f5fa465186b1f438f674fa347fdb5db54"
  integrity sha1-u3J3n1+kZRhrH0OPZ0+jR/2121Q=
